<Solution>
  <Project Path="project-scheduler/project-scheduler.csproj" />
  <Project Path="src/Application/Application.csproj" />
  <Project Path="src/Domain/Domain.csproj" />
  <Project Path="src/Infrastructure/Infrastructure.csproj" />
  <Project Path="tests/Application.Tests/Application.Tests.csproj" />
  <Project Path="tests/Domain.Tests/Domain.Tests.csproj" />
  <Project Path="tools/Benchmarks/Benchmarks.csproj" />
</Solution>
